
Microsoft Visual Studio Solution File, Format Version 12.00
# Visual Studio Version 16
VisualStudioVersion = 16.0.30907.101
MinimumVisualStudioVersion = 10.0.40219.1
Project("{FAE04EC0-301F-11D3-BF4B-00C04F79EFBC}") = "AnimeSliceModule", "AnimeSliceModule.csproj", "{54F100A0-0FF2-4FA9-BD16-4611143441D4}"
EndProject
Global
	GlobalSection(SolutionConfigurationPlatforms) = preSolution
		Debug|Any CPU = Debug|Any CPU
		Release|Any CPU = Release|Any CPU
	EndGlobalSection
	GlobalSection(ProjectConfigurationPlatforms) = postSolution
		{54F100A0-0FF2-4FA9-BD16-4611143441D4}.Debug|Any CPU.ActiveCfg = Debug|Any CPU
		{54F100A0-0FF2-4FA9-BD16-4611143441D4}.Debug|Any CPU.Build.0 = Debug|Any CPU
		{54F100A0-0FF2-4FA9-BD16-4611143441D4}.Release|Any CPU.ActiveCfg = Release|Any CPU
		{54F100A0-0FF2-4FA9-BD16-4611143441D4}.Release|Any CPU.Build.0 = Release|Any CPU
	EndGlobalSection
	GlobalSection(SolutionProperties) = preSolution
		HideSolutionNode = FALSE
	EndGlobalSection
	GlobalSection(ExtensibilityGlobals) = postSolution
		SolutionGuid = {12AE55A3-252C-4D96-AC29-A2313761E29E}
	EndGlobalSection
EndGlobal
